
Microsoft Visual Studio Solution File, Format Version 12.00
# Visual Studio Version 17
VisualStudioVersion = 17.0.31903.59
MinimumVisualStudioVersion = 10.0.40219.1
Project("{FAE04EC0-301F-11D3-BF4B-00C04F79EFBC}") = "shared-memory-reader", "shared-memory-reader\shared-memory-reader.csproj", "{5AC9AF53-43B8-43A3-9707-217E9B49DCC5}"
EndProject
Project("{FAE04EC0-301F-11D3-BF4B-00C04F79EFBC}") = "shared-memory-server", "shared-memory-server\shared-memory-server.csproj", "{B09C51FD-43F6-4686-9A26-91673CC98C07}"
EndProject
Global
	GlobalSection(SolutionConfigurationPlatforms) = preSolution
		Debug|Any CPU = Debug|Any CPU
		Release|Any CPU = Release|Any CPU
	EndGlobalSection
	GlobalSection(SolutionProperties) = preSolution
		HideSolutionNode = FALSE
	EndGlobalSection
	GlobalSection(ProjectConfigurationPlatforms) = postSolution
		{5AC9AF53-43B8-43A3-9707-217E9B49DCC5}.Debug|Any CPU.ActiveCfg = Debug|Any CPU
		{5AC9AF53-43B8-43A3-9707-217E9B49DCC5}.Debug|Any CPU.Build.0 = Debug|Any CPU
		{5AC9AF53-43B8-43A3-9707-217E9B49DCC5}.Release|Any CPU.ActiveCfg = Release|Any CPU
		{5AC9AF53-43B8-43A3-9707-217E9B49DCC5}.Release|Any CPU.Build.0 = Release|Any CPU
		{B09C51FD-43F6-4686-9A26-91673CC98C07}.Debug|Any CPU.ActiveCfg = Debug|Any CPU
		{B09C51FD-43F6-4686-9A26-91673CC98C07}.Debug|Any CPU.Build.0 = Debug|Any CPU
		{B09C51FD-43F6-4686-9A26-91673CC98C07}.Release|Any CPU.ActiveCfg = Release|Any CPU
		{B09C51FD-43F6-4686-9A26-91673CC98C07}.Release|Any CPU.Build.0 = Release|Any CPU
	EndGlobalSection
EndGlobal
